
Microsoft Visual Studio Solution File, Format Version 12.00
# Visual Studio Version 17
VisualStudioVersion = 17.12.35209.166
MinimumVisualStudioVersion = 10.0.40219.1
Project("{2150E333-8FDC-42A3-9474-1A3956D46DE8}") = "Frontend", "Frontend", "{942281C6-7CAC-45D1-BF34-7B2EC774A2AB}"
EndProject
Project("{2150E333-8FDC-42A3-9474-1A3956D46DE8}") = "Shared", "Shared", "{81CB03D1-4CB5-41C2-850D-F9DE783A58FC}"
EndProject
Project("{2150E333-8FDC-42A3-9474-1A3956D46DE8}") = "Microservices", "Microservices", "{02EA681E-C7D8-13C7-8484-4AC65E1B71E8}"
EndProject
Project("{2150E333-8FDC-42A3-9474-1A3956D46DE8}") = "Weather", "Weather", "{09B4B81D-1789-4C37-ACE5-5A530590F34E}"
EndProject
Project("{2150E333-8FDC-42A3-9474-1A3956D46DE8}") = "Location", "Location", "{67922485-776C-412A-ADA9-6C37BEE68DEC}"
EndProject
Project("{FAE04EC0-301F-11D3-BF4B-00C04F79EFBC}") = "Faug.Demo.AppHost", "src\Faug.Demo.AppHost\Faug.Demo.AppHost.csproj", "{5974B992-6FFA-498D-9A3F-65128892947F}"
EndProject
Project("{FAE04EC0-301F-11D3-BF4B-00C04F79EFBC}") = "Faug.Demo.ServiceDefaults", "src\Faug.Demo.ServiceDefaults\Faug.Demo.ServiceDefaults.csproj", "{5E76E133-B90C-4444-9FEF-21385D6888FA}"
EndProject
Project("{FAE04EC0-301F-11D3-BF4B-00C04F79EFBC}") = "Faug.Demo.Weather.Api", "src\Faug.Demo.Weather.Api\Faug.Demo.Weather.Api.csproj", "{540BEA91-5D6B-4C29-98AD-7A8C19A2E441}"
EndProject
Project("{FAE04EC0-301F-11D3-BF4B-00C04F79EFBC}") = "Faug.Demo.Weather.Migration", "src\Faug.Demo.Weather.Migration\Faug.Demo.Weather.Migration.csproj", "{EE9A4940-481E-4452-89BB-69620875C591}"
EndProject
Project("{FAE04EC0-301F-11D3-BF4B-00C04F79EFBC}") = "Faug.Demo.Location.Api", "src\Faug.Demo.Location.Api\Faug.Demo.Location.Api.csproj", "{64FD5235-1387-48E4-B861-DD77FDA2E750}"
EndProject
Project("{FAE04EC0-301F-11D3-BF4B-00C04F79EFBC}") = "Faug.Demo.Frontend", "src\Faug.Demo.Frontend\Faug.Demo.Frontend.csproj", "{8BA4E17C-B078-44CC-810E-501383886D64}"
EndProject
Global
	GlobalSection(SolutionConfigurationPlatforms) = preSolution
		Debug|Any CPU = Debug|Any CPU
		Release|Any CPU = Release|Any CPU
	EndGlobalSection
	GlobalSection(ProjectConfigurationPlatforms) = postSolution
		{5974B992-6FFA-498D-9A3F-65128892947F}.Debug|Any CPU.ActiveCfg = Debug|Any CPU
		{5974B992-6FFA-498D-9A3F-65128892947F}.Debug|Any CPU.Build.0 = Debug|Any CPU
		{5974B992-6FFA-498D-9A3F-65128892947F}.Release|Any CPU.ActiveCfg = Release|Any CPU
		{5974B992-6FFA-498D-9A3F-65128892947F}.Release|Any CPU.Build.0 = Release|Any CPU
		{5E76E133-B90C-4444-9FEF-21385D6888FA}.Debug|Any CPU.ActiveCfg = Debug|Any CPU
		{5E76E133-B90C-4444-9FEF-21385D6888FA}.Debug|Any CPU.Build.0 = Debug|Any CPU
		{5E76E133-B90C-4444-9FEF-21385D6888FA}.Release|Any CPU.ActiveCfg = Release|Any CPU
		{5E76E133-B90C-4444-9FEF-21385D6888FA}.Release|Any CPU.Build.0 = Release|Any CPU
		{540BEA91-5D6B-4C29-98AD-7A8C19A2E441}.Debug|Any CPU.ActiveCfg = Debug|Any CPU
		{540BEA91-5D6B-4C29-98AD-7A8C19A2E441}.Debug|Any CPU.Build.0 = Debug|Any CPU
		{540BEA91-5D6B-4C29-98AD-7A8C19A2E441}.Release|Any CPU.ActiveCfg = Release|Any CPU
		{540BEA91-5D6B-4C29-98AD-7A8C19A2E441}.Release|Any CPU.Build.0 = Release|Any CPU
		{EE9A4940-481E-4452-89BB-69620875C591}.Debug|Any CPU.ActiveCfg = Debug|Any CPU
		{EE9A4940-481E-4452-89BB-69620875C591}.Debug|Any CPU.Build.0 = Debug|Any CPU
		{EE9A4940-481E-4452-89BB-69620875C591}.Release|Any CPU.ActiveCfg = Release|Any CPU
		{EE9A4940-481E-4452-89BB-69620875C591}.Release|Any CPU.Build.0 = Release|Any CPU
		{64FD5235-1387-48E4-B861-DD77FDA2E750}.Debug|Any CPU.ActiveCfg = Debug|Any CPU
		{64FD5235-1387-48E4-B861-DD77FDA2E750}.Debug|Any CPU.Build.0 = Debug|Any CPU
		{64FD5235-1387-48E4-B861-DD77FDA2E750}.Release|Any CPU.ActiveCfg = Release|Any CPU
		{64FD5235-1387-48E4-B861-DD77FDA2E750}.Release|Any CPU.Build.0 = Release|Any CPU
		{8BA4E17C-B078-44CC-810E-501383886D64}.Debug|Any CPU.ActiveCfg = Debug|Any CPU
		{8BA4E17C-B078-44CC-810E-501383886D64}.Debug|Any CPU.Build.0 = Debug|Any CPU
		{8BA4E17C-B078-44CC-810E-501383886D64}.Release|Any CPU.ActiveCfg = Release|Any CPU
		{8BA4E17C-B078-44CC-810E-501383886D64}.Release|Any CPU.Build.0 = Release|Any CPU
	EndGlobalSection
	GlobalSection(SolutionProperties) = preSolution
		HideSolutionNode = FALSE
	EndGlobalSection
	GlobalSection(NestedProjects) = preSolution
		{09B4B81D-1789-4C37-ACE5-5A530590F34E} = {02EA681E-C7D8-13C7-8484-4AC65E1B71E8}
		{67922485-776C-412A-ADA9-6C37BEE68DEC} = {02EA681E-C7D8-13C7-8484-4AC65E1B71E8}
		{5974B992-6FFA-498D-9A3F-65128892947F} = {81CB03D1-4CB5-41C2-850D-F9DE783A58FC}
		{5E76E133-B90C-4444-9FEF-21385D6888FA} = {81CB03D1-4CB5-41C2-850D-F9DE783A58FC}
		{540BEA91-5D6B-4C29-98AD-7A8C19A2E441} = {09B4B81D-1789-4C37-ACE5-5A530590F34E}
		{EE9A4940-481E-4452-89BB-69620875C591} = {09B4B81D-1789-4C37-ACE5-5A530590F34E}
		{64FD5235-1387-48E4-B861-DD77FDA2E750} = {67922485-776C-412A-ADA9-6C37BEE68DEC}
		{8BA4E17C-B078-44CC-810E-501383886D64} = {942281C6-7CAC-45D1-BF34-7B2EC774A2AB}
	EndGlobalSection
	GlobalSection(ExtensibilityGlobals) = postSolution
		SolutionGuid = {CD0E275D-C6D5-438C-AADF-7632C334E0C0}
	EndGlobalSection
EndGlobal
