
Microsoft Visual Studio Solution File, Format Version 12.00
# Visual Studio Version 17
VisualStudioVersion = 17.12.35209.166
MinimumVisualStudioVersion = 10.0.40219.1
Project("{FAE04EC0-301F-11D3-BF4B-00C04F79EFBC}") = "Faug.Demo.AppHost", "src\Faug.Demo.AppHost\Faug.Demo.AppHost.csproj", "{C4A8AD33-5BC7-486C-8B2C-D47C335E110C}"
EndProject
Project("{FAE04EC0-301F-11D3-BF4B-00C04F79EFBC}") = "Faug.Demo.ServiceDefaults", "src\Faug.Demo.ServiceDefaults\Faug.Demo.ServiceDefaults.csproj", "{57DB1412-2E3A-4B93-B6ED-D190E4F0A312}"
EndProject
Project("{2150E333-8FDC-42A3-9474-1A3956D46DE8}") = "Frontend", "Frontend", "{942281C6-7CAC-45D1-BF34-7B2EC774A2AB}"
EndProject
Project("{2150E333-8FDC-42A3-9474-1A3956D46DE8}") = "Shared", "Shared", "{81CB03D1-4CB5-41C2-850D-F9DE783A58FC}"
EndProject
Project("{FAE04EC0-301F-11D3-BF4B-00C04F79EFBC}") = "Faug.Demo.Frontend", "src\Faug.Demo.Frontend\Faug.Demo.Frontend.csproj", "{753E4A62-44AB-4638-9F3B-64B9E8301CAD}"
EndProject
Project("{FAE04EC0-301F-11D3-BF4B-00C04F79EFBC}") = "Faug.Demo.Weather.Api", "src\Faug.Demo.Weather.Api\Faug.Demo.Weather.Api.csproj", "{686A2F85-F633-4CFD-AD4A-D20340AB0A2E}"
EndProject
Project("{FAE04EC0-301F-11D3-BF4B-00C04F79EFBC}") = "Faug.Demo.Weather.Migration", "Src\Faug.Demo.Weather.Migration\Faug.Demo.Weather.Migration.csproj", "{BEE066E1-43FB-429C-8E2B-5E20E4670027}"
EndProject
Project("{2150E333-8FDC-42A3-9474-1A3956D46DE8}") = "Microservices", "Microservices", "{02EA681E-C7D8-13C7-8484-4AC65E1B71E8}"
EndProject
Project("{2150E333-8FDC-42A3-9474-1A3956D46DE8}") = "Location", "Location", "{59AC0FAF-F716-40C9-8079-EFFCBB6798E0}"
EndProject
Project("{2150E333-8FDC-42A3-9474-1A3956D46DE8}") = "Weather", "Weather", "{4E92AF02-EB48-493F-8676-60900BA8F1E2}"
EndProject
Project("{FAE04EC0-301F-11D3-BF4B-00C04F79EFBC}") = "Faug.Demo.Location.Api", "src\Faug.Demo.Location.Api\Faug.Demo.Location.Api.csproj", "{9917477D-191D-4829-A770-BEE1EE392083}"
EndProject
Global
	GlobalSection(SolutionConfigurationPlatforms) = preSolution
		Debug|Any CPU = Debug|Any CPU
		Release|Any CPU = Release|Any CPU
	EndGlobalSection
	GlobalSection(ProjectConfigurationPlatforms) = postSolution
		{C4A8AD33-5BC7-486C-8B2C-D47C335E110C}.Debug|Any CPU.ActiveCfg = Debug|Any CPU
		{C4A8AD33-5BC7-486C-8B2C-D47C335E110C}.Debug|Any CPU.Build.0 = Debug|Any CPU
		{C4A8AD33-5BC7-486C-8B2C-D47C335E110C}.Release|Any CPU.ActiveCfg = Release|Any CPU
		{C4A8AD33-5BC7-486C-8B2C-D47C335E110C}.Release|Any CPU.Build.0 = Release|Any CPU
		{57DB1412-2E3A-4B93-B6ED-D190E4F0A312}.Debug|Any CPU.ActiveCfg = Debug|Any CPU
		{57DB1412-2E3A-4B93-B6ED-D190E4F0A312}.Debug|Any CPU.Build.0 = Debug|Any CPU
		{57DB1412-2E3A-4B93-B6ED-D190E4F0A312}.Release|Any CPU.ActiveCfg = Release|Any CPU
		{57DB1412-2E3A-4B93-B6ED-D190E4F0A312}.Release|Any CPU.Build.0 = Release|Any CPU
		{753E4A62-44AB-4638-9F3B-64B9E8301CAD}.Debug|Any CPU.ActiveCfg = Debug|Any CPU
		{753E4A62-44AB-4638-9F3B-64B9E8301CAD}.Debug|Any CPU.Build.0 = Debug|Any CPU
		{753E4A62-44AB-4638-9F3B-64B9E8301CAD}.Release|Any CPU.ActiveCfg = Release|Any CPU
		{753E4A62-44AB-4638-9F3B-64B9E8301CAD}.Release|Any CPU.Build.0 = Release|Any CPU
		{686A2F85-F633-4CFD-AD4A-D20340AB0A2E}.Debug|Any CPU.ActiveCfg = Debug|Any CPU
		{686A2F85-F633-4CFD-AD4A-D20340AB0A2E}.Debug|Any CPU.Build.0 = Debug|Any CPU
		{686A2F85-F633-4CFD-AD4A-D20340AB0A2E}.Release|Any CPU.ActiveCfg = Release|Any CPU
		{686A2F85-F633-4CFD-AD4A-D20340AB0A2E}.Release|Any CPU.Build.0 = Release|Any CPU
		{BEE066E1-43FB-429C-8E2B-5E20E4670027}.Debug|Any CPU.ActiveCfg = Debug|Any CPU
		{BEE066E1-43FB-429C-8E2B-5E20E4670027}.Debug|Any CPU.Build.0 = Debug|Any CPU
		{BEE066E1-43FB-429C-8E2B-5E20E4670027}.Release|Any CPU.ActiveCfg = Release|Any CPU
		{BEE066E1-43FB-429C-8E2B-5E20E4670027}.Release|Any CPU.Build.0 = Release|Any CPU
		{9917477D-191D-4829-A770-BEE1EE392083}.Debug|Any CPU.ActiveCfg = Debug|Any CPU
		{9917477D-191D-4829-A770-BEE1EE392083}.Debug|Any CPU.Build.0 = Debug|Any CPU
		{9917477D-191D-4829-A770-BEE1EE392083}.Release|Any CPU.ActiveCfg = Release|Any CPU
		{9917477D-191D-4829-A770-BEE1EE392083}.Release|Any CPU.Build.0 = Release|Any CPU
	EndGlobalSection
	GlobalSection(SolutionProperties) = preSolution
		HideSolutionNode = FALSE
	EndGlobalSection
	GlobalSection(NestedProjects) = preSolution
		{C4A8AD33-5BC7-486C-8B2C-D47C335E110C} = {81CB03D1-4CB5-41C2-850D-F9DE783A58FC}
		{57DB1412-2E3A-4B93-B6ED-D190E4F0A312} = {81CB03D1-4CB5-41C2-850D-F9DE783A58FC}
		{753E4A62-44AB-4638-9F3B-64B9E8301CAD} = {942281C6-7CAC-45D1-BF34-7B2EC774A2AB}
		{686A2F85-F633-4CFD-AD4A-D20340AB0A2E} = {02EA681E-C7D8-13C7-8484-4AC65E1B71E8}
		{BEE066E1-43FB-429C-8E2B-5E20E4670027} = {02EA681E-C7D8-13C7-8484-4AC65E1B71E8}
		{9917477D-191D-4829-A770-BEE1EE392083} = {02EA681E-C7D8-13C7-8484-4AC65E1B71E8}
	EndGlobalSection
	GlobalSection(ExtensibilityGlobals) = postSolution
		SolutionGuid = {CD0E275D-C6D5-438C-AADF-7632C334E0C0}
	EndGlobalSection
EndGlobal
